// !$*UTF8*$!
{
	archiveVersion = 1;
	classes = {
	};
	objectVersion = 50;
	objects = {

/* Begin PBXBuildFile section */
		63030C7E26AD803A00D8B5E3 /* MapView.swift in Sources */ = {isa = PBXBuildFile; fileRef = 63030C7D26AD803A00D8B5E3 /* MapView.swift */; };
		63127B132690E26700296150 /* StoresApp.swift in Sources */ = {isa = PBXBuildFile; fileRef = 63127B122690E26700296150 /* StoresApp.swift */; };
		63127B152690E26700296150 /* ContentView.swift in Sources */ = {isa = PBXBuildFile; fileRef = 63127B142690E26700296150 /* ContentView.swift */; };
		63127B172690E26900296150 /* Assets.xcassets in Resources */ = {isa = PBXBuildFile; fileRef = 63127B162690E26900296150 /* Assets.xcassets */; };
		63127B1A2690E26900296150 /* Preview Assets.xcassets in Resources */ = {isa = PBXBuildFile; fileRef = 63127B192690E26900296150 /* Preview Assets.xcassets */; };
		63127B262691A5E900296150 /* MainView.swift in Sources */ = {isa = PBXBuildFile; fileRef = 63127B252691A5E900296150 /* MainView.swift */; };
		63127B2B2691E7AD00296150 /* LocationModel.swift in Sources */ = {isa = PBXBuildFile; fileRef = 63127B2A2691E7AD00296150 /* LocationModel.swift */; };
		63127B2D2692136700296150 /* pois.json in Resources */ = {isa = PBXBuildFile; fileRef = 63127B2C2692136700296150 /* pois.json */; };
		6341DA9126978B3800B3D248 /* smallMapView.swift in Sources */ = {isa = PBXBuildFile; fileRef = 6341DA9026978B3800B3D248 /* smallMapView.swift */; };
		6346028B269634530039CC47 /* PoiDetailView.swift in Sources */ = {isa = PBXBuildFile; fileRef = 6346028A269634530039CC47 /* PoiDetailView.swift */; };
		634C92A52694E8530014051E /* CodableBundleExtension.swift in Sources */ = {isa = PBXBuildFile; fileRef = 634C92A42694E8530014051E /* CodableBundleExtension.swift */; };
		6365263E2697682A00E5E822 /* InfoView.swift in Sources */ = {isa = PBXBuildFile; fileRef = 6365263D2697682A00E5E822 /* InfoView.swift */; };
		63863BD52698C95F00FDF58D /* covers.json in Resources */ = {isa = PBXBuildFile; fileRef = 63863BD42698C95F00FDF58D /* covers.json */; };
		63863BEA2699D97200FDF58D /* MapViewV2.swift in Sources */ = {isa = PBXBuildFile; fileRef = 63863BE92699D97200FDF58D /* MapViewV2.swift */; };
		63F8704D269340CF00B5BE16 /* CenterModifier.swift in Sources */ = {isa = PBXBuildFile; fileRef = 63F8704C269340CF00B5BE16 /* CenterModifier.swift */; };
		63F87052269345AD00B5BE16 /* CoverImageView.swift in Sources */ = {isa = PBXBuildFile; fileRef = 63F87051269345AD00B5BE16 /* CoverImageView.swift */; };
		63F870562693460F00B5BE16 /* CoverImageModel.swift in Sources */ = {isa = PBXBuildFile; fileRef = 63F870552693460F00B5BE16 /* CoverImageModel.swift */; };
		63F87058269346C100B5BE16 /* CreditsView.swift in Sources */ = {isa = PBXBuildFile; fileRef = 63F87057269346C100B5BE16 /* CreditsView.swift */; };
		63F8705A269350F400B5BE16 /* ListView.swift in Sources */ = {isa = PBXBuildFile; fileRef = 63F87059269350F400B5BE16 /* ListView.swift */; };
		63F8705C269355A900B5BE16 /* BaseListTableViewCell.swift in Sources */ = {isa = PBXBuildFile; fileRef = 63F8705B269355A900B5BE16 /* BaseListTableViewCell.swift */; };
		63F8706526935E0400B5BE16 /* PoiRowView.swift in Sources */ = {isa = PBXBuildFile; fileRef = 63F8706426935E0400B5BE16 /* PoiRowView.swift */; };
		63F87070269439AF00B5BE16 /* PoiListRequest.swift in Sources */ = {isa = PBXBuildFile; fileRef = 63F8706F269439AF00B5BE16 /* PoiListRequest.swift */; };
		63F8707D26945F5B00B5BE16 /* TestData.swift in Sources */ = {isa = PBXBuildFile; fileRef = 63F8707C26945F5B00B5BE16 /* TestData.swift */; };
		63F8707F26945FFA00B5BE16 /* pois.json in Resources */ = {isa = PBXBuildFile; fileRef = 63F8707E26945FFA00B5BE16 /* pois.json */; };
/* End PBXBuildFile section */

/* Begin PBXFileReference section */
		63030C7D26AD803A00D8B5E3 /* MapView.swift */ = {isa = PBXFileReference; lastKnownFileType = sourcecode.swift; path = MapView.swift; sourceTree = "<group>"; };
		63127B0F2690E26700296150 /* Stores.app */ = {isa = PBXFileReference; explicitFileType = wrapper.application; includeInIndex = 0; path = Stores.app; sourceTree = BUILT_PRODUCTS_DIR; };
		63127B122690E26700296150 /* StoresApp.swift */ = {isa = PBXFileReference; lastKnownFileType = sourcecode.swift; path = StoresApp.swift; sourceTree = "<group>"; };
		63127B142690E26700296150 /* ContentView.swift */ = {isa = PBXFileReference; lastKnownFileType = sourcecode.swift; path = ContentView.swift; sourceTree = "<group>"; };
		63127B162690E26900296150 /* Assets.xcassets */ = {isa = PBXFileReference; lastKnownFileType = folder.assetcatalog; path = Assets.xcassets; sourceTree = "<group>"; };
		63127B192690E26900296150 /* Preview Assets.xcassets */ = {isa = PBXFileReference; lastKnownFileType = folder.assetcatalog; path = "Preview Assets.xcassets"; sourceTree = "<group>"; };
		63127B1B2690E26900296150 /* Info.plist */ = {isa = PBXFileReference; lastKnownFileType = text.plist.xml; path = Info.plist; sourceTree = "<group>"; };
		63127B252691A5E900296150 /* MainView.swift */ = {isa = PBXFileReference; lastKnownFileType = sourcecode.swift; path = MainView.swift; sourceTree = "<group>"; };
		63127B2A2691E7AD00296150 /* LocationModel.swift */ = {isa = PBXFileReference; lastKnownFileType = sourcecode.swift; path = LocationModel.swift; sourceTree = "<group>"; };
		63127B2C2692136700296150 /* pois.json */ = {isa = PBXFileReference; fileEncoding = 4; lastKnownFileType = text.json; path = pois.json; sourceTree = "<group>"; };
		6341DA9026978B3800B3D248 /* smallMapView.swift */ = {isa = PBXFileReference; lastKnownFileType = sourcecode.swift; path = smallMapView.swift; sourceTree = "<group>"; };
		6346028A269634530039CC47 /* PoiDetailView.swift */ = {isa = PBXFileReference; lastKnownFileType = sourcecode.swift; path = PoiDetailView.swift; sourceTree = "<group>"; };
		634C92A42694E8530014051E /* CodableBundleExtension.swift */ = {isa = PBXFileReference; lastKnownFileType = sourcecode.swift; path = CodableBundleExtension.swift; sourceTree = "<group>"; };
		6365263D2697682A00E5E822 /* InfoView.swift */ = {isa = PBXFileReference; lastKnownFileType = sourcecode.swift; path = InfoView.swift; sourceTree = "<group>"; };
		63863BD42698C95F00FDF58D /* covers.json */ = {isa = PBXFileReference; fileEncoding = 4; lastKnownFileType = text.json; path = covers.json; sourceTree = "<group>"; };
		63863BE92699D97200FDF58D /* MapViewV2.swift */ = {isa = PBXFileReference; lastKnownFileType = sourcecode.swift; path = MapViewV2.swift; sourceTree = "<group>"; };
		63F8704C269340CF00B5BE16 /* CenterModifier.swift */ = {isa = PBXFileReference; lastKnownFileType = sourcecode.swift; path = CenterModifier.swift; sourceTree = "<group>"; };
		63F87051269345AD00B5BE16 /* CoverImageView.swift */ = {isa = PBXFileReference; lastKnownFileType = sourcecode.swift; path = CoverImageView.swift; sourceTree = "<group>"; };
		63F870552693460F00B5BE16 /* CoverImageModel.swift */ = {isa = PBXFileReference; lastKnownFileType = sourcecode.swift; path = CoverImageModel.swift; sourceTree = "<group>"; };
		63F87057269346C100B5BE16 /* CreditsView.swift */ = {isa = PBXFileReference; lastKnownFileType = sourcecode.swift; path = CreditsView.swift; sourceTree = "<group>"; };
		63F87059269350F400B5BE16 /* ListView.swift */ = {isa = PBXFileReference; lastKnownFileType = sourcecode.swift; path = ListView.swift; sourceTree = "<group>"; };
		63F8705B269355A900B5BE16 /* BaseListTableViewCell.swift */ = {isa = PBXFileReference; lastKnownFileType = sourcecode.swift; path = BaseListTableViewCell.swift; sourceTree = "<group>"; };
		63F8706426935E0400B5BE16 /* PoiRowView.swift */ = {isa = PBXFileReference; lastKnownFileType = sourcecode.swift; path = PoiRowView.swift; sourceTree = "<group>"; };
		63F8706F269439AF00B5BE16 /* PoiListRequest.swift */ = {isa = PBXFileReference; lastKnownFileType = sourcecode.swift; path = PoiListRequest.swift; sourceTree = "<group>"; };
		63F8707C26945F5B00B5BE16 /* TestData.swift */ = {isa = PBXFileReference; lastKnownFileType = sourcecode.swift; path = TestData.swift; sourceTree = "<group>"; };
		63F8707E26945FFA00B5BE16 /* pois.json */ = {isa = PBXFileReference; fileEncoding = 4; lastKnownFileType = text.json; name = pois.json; path = Stores/Data/pois.json; sourceTree = SOURCE_ROOT; };
/* End PBXFileReference section */

/* Begin PBXFrameworksBuildPhase section */
		63127B0C2690E26700296150 /* Frameworks */ = {
			isa = PBXFrameworksBuildPhase;
			buildActionMask = 2147483647;
			files = (
			);
			runOnlyForDeploymentPostprocessing = 0;
		};
/* End PBXFrameworksBuildPhase section */

/* Begin PBXGroup section */
		63127B062690E26700296150 = {
			isa = PBXGroup;
			children = (
				63127B112690E26700296150 /* Stores */,
				63127B102690E26700296150 /* Products */,
			);
			sourceTree = "<group>";
		};
		63127B102690E26700296150 /* Products */ = {
			isa = PBXGroup;
			children = (
				63127B0F2690E26700296150 /* Stores.app */,
			);
			name = Products;
			sourceTree = "<group>";
		};
		63127B112690E26700296150 /* Stores */ = {
			isa = PBXGroup;
			children = (
				63F8706E2694396C00B5BE16 /* Controller */,
				63F8704A26933FDF00B5BE16 /* App */,
				63127B292691A94B00296150 /* Model */,
				63127B212691A53900296150 /* Data */,
				63127B222691A56200296150 /* View */,
				63F8704E269340F800B5BE16 /* Extensions */,
				63F8704B269340B100B5BE16 /* Modifier */,
				63127B162690E26900296150 /* Assets.xcassets */,
				63127B1B2690E26900296150 /* Info.plist */,
				63127B182690E26900296150 /* Preview Content */,
			);
			path = Stores;
			sourceTree = "<group>";
		};
		63127B182690E26900296150 /* Preview Content */ = {
			isa = PBXGroup;
			children = (
				63127B192690E26900296150 /* Preview Assets.xcassets */,
				63F8707C26945F5B00B5BE16 /* TestData.swift */,
				63F8707E26945FFA00B5BE16 /* pois.json */,
			);
			path = "Preview Content";
			sourceTree = "<group>";
		};
		63127B212691A53900296150 /* Data */ = {
			isa = PBXGroup;
			children = (
				63863BD42698C95F00FDF58D /* covers.json */,
				63127B2C2692136700296150 /* pois.json */,
			);
			path = Data;
			sourceTree = "<group>";
		};
		63127B222691A56200296150 /* View */ = {
			isa = PBXGroup;
			children = (
				63F87051269345AD00B5BE16 /* CoverImageView.swift */,
				63F87057269346C100B5BE16 /* CreditsView.swift */,
				63F8705B269355A900B5BE16 /* BaseListTableViewCell.swift */,
				63F8706426935E0400B5BE16 /* PoiRowView.swift */,
				6365263D2697682A00E5E822 /* InfoView.swift */,
				6341DA9026978B3800B3D248 /* smallMapView.swift */,
			);
			path = View;
			sourceTree = "<group>";
		};
		63127B292691A94B00296150 /* Model */ = {
			isa = PBXGroup;
			children = (
				63127B2A2691E7AD00296150 /* LocationModel.swift */,
				63F870552693460F00B5BE16 /* CoverImageModel.swift */,
			);
			path = Model;
			sourceTree = "<group>";
		};
		63F8704A26933FDF00B5BE16 /* App */ = {
			isa = PBXGroup;
			children = (
				63127B122690E26700296150 /* StoresApp.swift */,
				63127B142690E26700296150 /* ContentView.swift */,
				63127B252691A5E900296150 /* MainView.swift */,
				63F87059269350F400B5BE16 /* ListView.swift */,
				6346028A269634530039CC47 /* PoiDetailView.swift */,
				63863BE92699D97200FDF58D /* MapViewV2.swift */,
				63030C7D26AD803A00D8B5E3 /* MapView.swift */,
			);
			path = App;
			sourceTree = "<group>";
		};
		63F8704B269340B100B5BE16 /* Modifier */ = {
			isa = PBXGroup;
			children = (
				63F8704C269340CF00B5BE16 /* CenterModifier.swift */,
			);
			path = Modifier;
			sourceTree = "<group>";
		};
		63F8704E269340F800B5BE16 /* Extensions */ = {
			isa = PBXGroup;
			children = (
				634C92A42694E8530014051E /* CodableBundleExtension.swift */,
			);
			path = Extensions;
			sourceTree = "<group>";
		};
		63F8706E2694396C00B5BE16 /* Controller */ = {
			isa = PBXGroup;
			children = (
				63F8706F269439AF00B5BE16 /* PoiListRequest.swift */,
			);
			path = Controller;
			sourceTree = "<group>";
		};
/* End PBXGroup section */

/* Begin PBXNativeTarget section */
		63127B0E2690E26700296150 /* Stores */ = {
			isa = PBXNativeTarget;
			buildConfigurationList = 63127B1E2690E26900296150 /* Build configuration list for PBXNativeTarget "Stores" */;
			buildPhases = (
				63127B0B2690E26700296150 /* Sources */,
				63127B0C2690E26700296150 /* Frameworks */,
				63127B0D2690E26700296150 /* Resources */,
			);
			buildRules = (
			);
			dependencies = (
			);
			name = Stores;
			productName = Stores;
			productReference = 63127B0F2690E26700296150 /* Stores.app */;
			productType = "com.apple.product-type.application";
		};
/* End PBXNativeTarget section */

/* Begin PBXProject section */
		63127B072690E26700296150 /* Project object */ = {
			isa = PBXProject;
			attributes = {
				LastSwiftUpdateCheck = 1250;
				LastUpgradeCheck = 1250;
				TargetAttributes = {
					63127B0E2690E26700296150 = {
						CreatedOnToolsVersion = 12.5.1;
					};
				};
			};
			buildConfigurationList = 63127B0A2690E26700296150 /* Build configuration list for PBXProject "Stores" */;
			compatibilityVersion = "Xcode 9.3";
			developmentRegion = en;
			hasScannedForEncodings = 0;
			knownRegions = (
				en,
				Base,
			);
			mainGroup = 63127B062690E26700296150;
			productRefGroup = 63127B102690E26700296150 /* Products */;
			projectDirPath = "";
			projectRoot = "";
			targets = (
				63127B0E2690E26700296150 /* Stores */,
			);
		};
/* End PBXProject section */

/* Begin PBXResourcesBuildPhase section */
		63127B0D2690E26700296150 /* Resources */ = {
			isa = PBXResourcesBuildPhase;
			buildActionMask = 2147483647;
			files = (
				63863BD52698C95F00FDF58D /* covers.json in Resources */,
				63F8707F26945FFA00B5BE16 /* pois.json in Resources */,
				63127B1A2690E26900296150 /* Preview Assets.xcassets in Resources */,
				63127B172690E26900296150 /* Assets.xcassets in Resources */,
				63127B2D2692136700296150 /* pois.json in Resources */,
			);
			runOnlyForDeploymentPostprocessing = 0;
		};
/* End PBXResourcesBuildPhase section */

/* Begin PBXSourcesBuildPhase section */
		63127B0B2690E26700296150 /* Sources */ = {
			isa = PBXSourcesBuildPhase;
			buildActionMask = 2147483647;
			files = (
				63F8706526935E0400B5BE16 /* PoiRowView.swift in Sources */,
				63F87058269346C100B5BE16 /* CreditsView.swift in Sources */,
				63127B152690E26700296150 /* ContentView.swift in Sources */,
				63127B262691A5E900296150 /* MainView.swift in Sources */,
				6341DA9126978B3800B3D248 /* smallMapView.swift in Sources */,
				63F87052269345AD00B5BE16 /* CoverImageView.swift in Sources */,
				6365263E2697682A00E5E822 /* InfoView.swift in Sources */,
				63F87070269439AF00B5BE16 /* PoiListRequest.swift in Sources */,
				63863BEA2699D97200FDF58D /* MapViewV2.swift in Sources */,
				63F870562693460F00B5BE16 /* CoverImageModel.swift in Sources */,
				63F8707D26945F5B00B5BE16 /* TestData.swift in Sources */,
				63F8704D269340CF00B5BE16 /* CenterModifier.swift in Sources */,
				634C92A52694E8530014051E /* CodableBundleExtension.swift in Sources */,
				63F8705C269355A900B5BE16 /* BaseListTableViewCell.swift in Sources */,
				63F8705A269350F400B5BE16 /* ListView.swift in Sources */,
				63127B2B2691E7AD00296150 /* LocationModel.swift in Sources */,
				63030C7E26AD803A00D8B5E3 /* MapView.swift in Sources */,
				63127B132690E26700296150 /* StoresApp.swift in Sources */,
				6346028B269634530039CC47 /* PoiDetailView.swift in Sources */,
			);
			runOnlyForDeploymentPostprocessing = 0;
		};
/* End PBXSourcesBuildPhase section */

/* Begin XCBuildConfiguration section */
		63127B1C2690E26900296150 /* Debug */ = {
			isa = XCBuildConfiguration;
			buildSettings = {
				ALWAYS_SEARCH_USER_PATHS = NO;
				CLANG_ANALYZER_NONNULL = YES;
				CLANG_ANALYZER_NUMBER_OBJECT_CONVERSION = YES_AGGRESSIVE;
				CLANG_CXX_LANGUAGE_STANDARD = "gnu++14";
				CLANG_CXX_LIBRARY = "libc++";
				CLANG_ENABLE_MODULES = YES;
				CLANG_ENABLE_OBJC_ARC = YES;
				CLANG_ENABLE_OBJC_WEAK = YES;
				CLANG_WARN_BLOCK_CAPTURE_AUTORELEASING = YES;
				CLANG_WARN_BOOL_CONVERSION = YES;
				CLANG_WARN_COMMA = YES;
				CLANG_WARN_CONSTANT_CONVERSION = YES;
				CLANG_WARN_DEPRECATED_OBJC_IMPLEMENTATIONS = YES;
				CLANG_WARN_DIRECT_OBJC_ISA_USAGE = YES_ERROR;
				CLANG_WARN_DOCUMENTATION_COMMENTS = YES;
				CLANG_WARN_EMPTY_BODY = YES;
				CLANG_WARN_ENUM_CONVERSION = YES;
				CLANG_WARN_INFINITE_RECURSION = YES;
				CLANG_WARN_INT_CONVERSION = YES;
				CLANG_WARN_NON_LITERAL_NULL_CONVERSION = YES;
				CLANG_WARN_OBJC_IMPLICIT_RETAIN_SELF = YES;
				CLANG_WARN_OBJC_LITERAL_CONVERSION = YES;
				CLANG_WARN_OBJC_ROOT_CLASS = YES_ERROR;
				CLANG_WARN_QUOTED_INCLUDE_IN_FRAMEWORK_HEADER = YES;
				CLANG_WARN_RANGE_LOOP_ANALYSIS = YES;
				CLANG_WARN_STRICT_PROTOTYPES = YES;
				CLANG_WARN_SUSPICIOUS_MOVE = YES;
				CLANG_WARN_UNGUARDED_AVAILABILITY = YES_AGGRESSIVE;
				CLANG_WARN_UNREACHABLE_CODE = YES;
				CLANG_WARN__DUPLICATE_METHOD_MATCH = YES;
				COPY_PHASE_STRIP = NO;
				DEBUG_INFORMATION_FORMAT = dwarf;
				ENABLE_STRICT_OBJC_MSGSEND = YES;
				ENABLE_TESTABILITY = YES;
				GCC_C_LANGUAGE_STANDARD = gnu11;
				GCC_DYNAMIC_NO_PIC = NO;
				GCC_NO_COMMON_BLOCKS = YES;
				GCC_OPTIMIZATION_LEVEL = 0;
				GCC_PREPROCESSOR_DEFINITIONS = (
					"DEBUG=1",
					"$(inherited)",
				);
				GCC_WARN_64_TO_32_BIT_CONVERSION = YES;
				GCC_WARN_ABOUT_RETURN_TYPE = YES_ERROR;
				GCC_WARN_UNDECLARED_SELECTOR = YES;
				GCC_WARN_UNINITIALIZED_AUTOS = YES_AGGRESSIVE;
				GCC_WARN_UNUSED_FUNCTION = YES;
				GCC_WARN_UNUSED_VARIABLE = YES;
				IPHONEOS_DEPLOYMENT_TARGET = 14.5;
				MTL_ENABLE_DEBUG_INFO = INCLUDE_SOURCE;
				MTL_FAST_MATH = YES;
				ONLY_ACTIVE_ARCH = YES;
				SDKROOT = iphoneos;
				SWIFT_ACTIVE_COMPILATION_CONDITIONS = DEBUG;
				SWIFT_OPTIMIZATION_LEVEL = "-Onone";
			};
			name = Debug;
		};
		63127B1D2690E26900296150 /* Release */ = {
			isa = XCBuildConfiguration;
			buildSettings = {
				ALWAYS_SEARCH_USER_PATHS = NO;
				CLANG_ANALYZER_NONNULL = YES;
				CLANG_ANALYZER_NUMBER_OBJECT_CONVERSION = YES_AGGRESSIVE;
				CLANG_CXX_LANGUAGE_STANDARD = "gnu++14";
				CLANG_CXX_LIBRARY = "libc++";
				CLANG_ENABLE_MODULES = YES;
				CLANG_ENABLE_OBJC_ARC = YES;
				CLANG_ENABLE_OBJC_WEAK = YES;
				CLANG_WARN_BLOCK_CAPTURE_AUTORELEASING = YES;
				CLANG_WARN_BOOL_CONVERSION = YES;
				CLANG_WARN_COMMA = YES;
				CLANG_WARN_CONSTANT_CONVERSION = YES;
				CLANG_WARN_DEPRECATED_OBJC_IMPLEMENTATIONS = YES;
				CLANG_WARN_DIRECT_OBJC_ISA_USAGE = YES_ERROR;
				CLANG_WARN_DOCUMENTATION_COMMENTS = YES;
				CLANG_WARN_EMPTY_BODY = YES;
				CLANG_WARN_ENUM_CONVERSION = YES;
				CLANG_WARN_INFINITE_RECURSION = YES;
				CLANG_WARN_INT_CONVERSION = YES;
				CLANG_WARN_NON_LITERAL_NULL_CONVERSION = YES;
				CLANG_WARN_OBJC_IMPLICIT_RETAIN_SELF = YES;
				CLANG_WARN_OBJC_LITERAL_CONVERSION = YES;
				CLANG_WARN_OBJC_ROOT_CLASS = YES_ERROR;
				CLANG_WARN_QUOTED_INCLUDE_IN_FRAMEWORK_HEADER = YES;
				CLANG_WARN_RANGE_LOOP_ANALYSIS = YES;
				CLANG_WARN_STRICT_PROTOTYPES = YES;
				CLANG_WARN_SUSPICIOUS_MOVE = YES;
				CLANG_WARN_UNGUARDED_AVAILABILITY = YES_AGGRESSIVE;
				CLANG_WARN_UNREACHABLE_CODE = YES;
				CLANG_WARN__DUPLICATE_METHOD_MATCH = YES;
				COPY_PHASE_STRIP = NO;
				DEBUG_INFORMATION_FORMAT = "dwarf-with-dsym";
				ENABLE_NS_ASSERTIONS = NO;
				ENABLE_STRICT_OBJC_MSGSEND = YES;
				GCC_C_LANGUAGE_STANDARD = gnu11;
				GCC_NO_COMMON_BLOCKS = YES;
				GCC_WARN_64_TO_32_BIT_CONVERSION = YES;
				GCC_WARN_ABOUT_RETURN_TYPE = YES_ERROR;
				GCC_WARN_UNDECLARED_SELECTOR = YES;
				GCC_WARN_UNINITIALIZED_AUTOS = YES_AGGRESSIVE;
				GCC_WARN_UNUSED_FUNCTION = YES;
				GCC_WARN_UNUSED_VARIABLE = YES;
				IPHONEOS_DEPLOYMENT_TARGET = 14.5;
				MTL_ENABLE_DEBUG_INFO = NO;
				MTL_FAST_MATH = YES;
				SDKROOT = iphoneos;
				SWIFT_COMPILATION_MODE = wholemodule;
				SWIFT_OPTIMIZATION_LEVEL = "-O";
				VALIDATE_PRODUCT = YES;
			};
			name = Release;
		};
		63127B1F2690E26900296150 /* Debug */ = {
			isa = XCBuildConfiguration;
			buildSettings = {
				ASSETCATALOG_COMPILER_APPICON_NAME = AppIcon;
				ASSETCATALOG_COMPILER_GLOBAL_ACCENT_COLOR_NAME = AccentColor;
				CODE_SIGN_STYLE = Automatic;
				DEVELOPMENT_ASSET_PATHS = "\"Stores/Preview Content\"";
				ENABLE_PREVIEWS = YES;
				INFOPLIST_FILE = Stores/Info.plist;
				IPHONEOS_DEPLOYMENT_TARGET = 14.0;
				LD_RUNPATH_SEARCH_PATHS = (
					"$(inherited)",
					"@executable_path/Frameworks",
				);
				PRODUCT_BUNDLE_IDENTIFIER = com.mattdallos.Stores;
				PRODUCT_NAME = "$(TARGET_NAME)";
				SWIFT_VERSION = 5.0;
				TARGETED_DEVICE_FAMILY = "1,2";
			};
			name = Debug;
		};
		63127B202690E26900296150 /* Release */ = {
			isa = XCBuildConfiguration;
			buildSettings = {
				ASSETCATALOG_COMPILER_APPICON_NAME = AppIcon;
				ASSETCATALOG_COMPILER_GLOBAL_ACCENT_COLOR_NAME = AccentColor;
				CODE_SIGN_STYLE = Automatic;
				DEVELOPMENT_ASSET_PATHS = "\"Stores/Preview Content\"";
				ENABLE_PREVIEWS = YES;
				INFOPLIST_FILE = Stores/Info.plist;
				IPHONEOS_DEPLOYMENT_TARGET = 14.0;
				LD_RUNPATH_SEARCH_PATHS = (
					"$(inherited)",
					"@executable_path/Frameworks",
				);
				PRODUCT_BUNDLE_IDENTIFIER = com.mattdallos.Stores;
				PRODUCT_NAME = "$(TARGET_NAME)";
				SWIFT_VERSION = 5.0;
				TARGETED_DEVICE_FAMILY = "1,2";
			};
			name = Release;
		};
/* End XCBuildConfiguration section */

/* Begin XCConfigurationList section */
		63127B0A2690E26700296150 /* Build configuration list for PBXProject "Stores" */ = {
			isa = XCConfigurationList;
			buildConfigurations = (
				63127B1C2690E26900296150 /* Debug */,
				63127B1D2690E26900296150 /* Release */,
			);
			defaultConfigurationIsVisible = 0;
			defaultConfigurationName = Release;
		};
		63127B1E2690E26900296150 /* Build configuration list for PBXNativeTarget "Stores" */ = {
			isa = XCConfigurationList;
			buildConfigurations = (
				63127B1F2690E26900296150 /* Debug */,
				63127B202690E26900296150 /* Release */,
			);
			defaultConfigurationIsVisible = 0;
			defaultConfigurationName = Release;
		};
/* End XCConfigurationList section */
	};
	rootObject = 63127B072690E26700296150 /* Project object */;
}
